#MicroXplorer Configuration settings - do not modify
File.Version=5
KeepUserPlacement=false
Mcu.Family=STM32F1
Mcu.IP0=DAC
Mcu.IP1=NVIC
Mcu.IP2=RCC
Mcu.IPNb=3
Mcu.Name=STM32F103R(C-D-E)Tx
Mcu.Package=LQFP64
Mcu.Pin0=PD0-OSC_IN
Mcu.Pin1=PD1-OSC_OUT
Mcu.Pin2=PA4
Mcu.PinsNb=3
Mcu.UserConstants=
Mcu.UserName=STM32F103RETx
MxCube.Version=4.11.0
MxDb.Version=DB.4.0.110
NVIC.PriorityGroup=NVIC_PRIORITYGROUP_4
NVIC.SysTick_IRQn=true\:0\:0\:false
PA4.Signal=COMP_DAC1_group
PCC.Checker=false
PCC.Line=STM32F103
PCC.MCU=STM32F103R(C-D-E)Tx
PCC.MXVersion=4.11.0
PCC.PartNumber=STM32F103RETx
PCC.Seq0=0
PCC.Series=STM32F1
PCC.Temperature=25
PCC.Vdd=3.3
PD0-OSC_IN.Mode=HSE-External-Oscillator
PD0-OSC_IN.Signal=RCC_OSC_IN
PD1-OSC_OUT.Mode=HSE-External-Oscillator
PD1-OSC_OUT.Signal=RCC_OSC_OUT
ProjectManager.AskForMigrate=true
ProjectManager.BackupPrevious=false
ProjectManager.CompilerOptimize=2
ProjectManager.ComputerToolchain=false
ProjectManager.CoupleFile=false
ProjectManager.DeletePrevious=true
ProjectManager.DeviceId=STM32F103RETx
ProjectManager.FirmwarePackage=STM32Cube FW_F1 V1.2.0
ProjectManager.FreePins=false
ProjectManager.HalAssertFull=false
ProjectManager.KeepUserCode=true
ProjectManager.LastFirmware=true
ProjectManager.LibraryCopy=0
ProjectManager.ProjectBuild=false
ProjectManager.ProjectFileName=DAC.ioc
ProjectManager.ProjectName=DAC
ProjectManager.TargetToolchain=EWARM
ProjectManager.ToolChainLocation=
RCC.APB1Freq_Value=8000000
RCC.APB2Freq_Value=8000000
RCC.FamilyName=M
RCC.IPParameters=FamilyName,PLLCLKFreq_Value,PLLMCOFreq_Value,TimSysFreq_Value,APB1Freq_Value,APB2Freq_Value,SYSCLKSource
RCC.PLLCLKFreq_Value=8000000
RCC.PLLMCOFreq_Value=4000000
RCC.SYSCLKSource=RCC_SYSCLKSOURCE_HSE
RCC.TimSysFreq_Value=8000000
SH.COMP_DAC1_group.0=DAC_OUT1,DAC_OUT1
SH.COMP_DAC1_group.ConfNb=1
board=DAC
