#MicroXplorer Configuration settings - do not modify
File.Version=5
KeepUserPlacement=false
Mcu.Family=STM32F1
Mcu.IP0=NVIC
Mcu.IP1=RCC
Mcu.IP2=TIM1
Mcu.IPNb=3
Mcu.Name=STM32F103R(C-D-E)Tx
Mcu.Package=LQFP64
Mcu.Pin0=PA0-WKUP
Mcu.Pin1=PA1
Mcu.Pin10=PB6
Mcu.Pin11=PB7
Mcu.Pin12=VP_TIM1_VS_ControllerModeClock
Mcu.Pin2=PA2
Mcu.Pin3=PA3
Mcu.Pin4=PA4
Mcu.Pin5=PA5
Mcu.Pin6=PA6
Mcu.Pin7=PA7
Mcu.Pin8=PA8
Mcu.Pin9=PB5
Mcu.PinsNb=13
Mcu.UserConstants=
Mcu.UserName=STM32F103RETx
MxCube.Version=4.11.0
MxDb.Version=DB.4.0.110
NVIC.PriorityGroup=NVIC_PRIORITYGROUP_4
NVIC.SysTick_IRQn=true\:0\:0\:false
PA0-WKUP.Locked=true
PA0-WKUP.Signal=GPIO_Output
PA1.Locked=true
PA1.Signal=GPIO_Output
PA2.Locked=true
PA2.Signal=GPIO_Output
PA3.Locked=true
PA3.Signal=GPIO_Output
PA4.Locked=true
PA4.Signal=GPIO_Output
PA5.Locked=true
PA5.Signal=GPIO_Output
PA6.Locked=true
PA6.Signal=GPIO_Output
PA7.Locked=true
PA7.Signal=GPIO_Output
PA8.GPIOParameters=GPIO_PuPd
PA8.GPIO_PuPd=GPIO_PULLDOWN
PA8.Signal=S_TIM1_CH1
PB5.Locked=true
PB5.Signal=GPIO_Output
PB6.Locked=true
PB6.Signal=GPIO_Output
PB7.Locked=true
PB7.Signal=GPIO_Output
PCC.Checker=false
PCC.Line=STM32F103
PCC.MCU=STM32F103R(C-D-E)Tx
PCC.MXVersion=4.11.0
PCC.PartNumber=STM32F103RETx
PCC.Seq0=0
PCC.Series=STM32F1
PCC.Temperature=25
PCC.Vdd=3.3
ProjectManager.AskForMigrate=true
ProjectManager.BackupPrevious=false
ProjectManager.CompilerOptimize=2
ProjectManager.ComputerToolchain=false
ProjectManager.CoupleFile=false
ProjectManager.DeletePrevious=true
ProjectManager.DeviceId=STM32F103RETx
ProjectManager.FirmwarePackage=STM32Cube FW_F1 V1.2.0
ProjectManager.FreePins=false
ProjectManager.HalAssertFull=false
ProjectManager.KeepUserCode=true
ProjectManager.LastFirmware=true
ProjectManager.LibraryCopy=0
ProjectManager.ProjectBuild=false
ProjectManager.ProjectFileName=COUNTER.ioc
ProjectManager.ProjectName=COUNTER
ProjectManager.TargetToolchain=EWARM
ProjectManager.ToolChainLocation=
RCC.APB1Freq_Value=8000000
RCC.APB2Freq_Value=8000000
RCC.FamilyName=M
RCC.IPParameters=FamilyName,TimSysFreq_Value,APB1Freq_Value,APB2Freq_Value,PLLCLKFreq_Value,PLLMCOFreq_Value
RCC.PLLCLKFreq_Value=8000000
RCC.PLLMCOFreq_Value=4000000
RCC.TimSysFreq_Value=8000000
SH.S_TIM1_CH1.0=TIM1_CH1,TriggerSource_TI1FP1
SH.S_TIM1_CH1.ConfNb=1
TIM1.IPParameters=Period,Slave_TriggerFilter
TIM1.Period=65535
TIM1.Slave_TriggerFilter=15
VP_TIM1_VS_ControllerModeClock.Mode=Clock Mode
VP_TIM1_VS_ControllerModeClock.Signal=TIM1_VS_ControllerModeClock
board=COUNTER
